
Microsoft Visual Studio Solution File, Format Version 12.00
# Visual Studio Version 16
VisualStudioVersion = 16.0.31624.102
MinimumVisualStudioVersion = 10.0.40219.1
Project("{FAE04EC0-301F-11D3-BF4B-00C04F79EFBC}") = "Algorithms-2", "Algorithms-2\Algorithms-2.csproj", "{12A45D50-2BC8-490E-91BA-B2E08F0CBAF3}"
EndProject
Global
	GlobalSection(SolutionConfigurationPlatforms) = preSolution
		Debug|Any CPU = Debug|Any CPU
		Release|Any CPU = Release|Any CPU
	EndGlobalSection
	GlobalSection(ProjectConfigurationPlatforms) = postSolution
		{12A45D50-2BC8-490E-91BA-B2E08F0CBAF3}.Debug|Any CPU.ActiveCfg = Debug|Any CPU
		{12A45D50-2BC8-490E-91BA-B2E08F0CBAF3}.Debug|Any CPU.Build.0 = Debug|Any CPU
		{12A45D50-2BC8-490E-91BA-B2E08F0CBAF3}.Release|Any CPU.ActiveCfg = Release|Any CPU
		{12A45D50-2BC8-490E-91BA-B2E08F0CBAF3}.Release|Any CPU.Build.0 = Release|Any CPU
	EndGlobalSection
	GlobalSection(SolutionProperties) = preSolution
		HideSolutionNode = FALSE
	EndGlobalSection
	GlobalSection(ExtensibilityGlobals) = postSolution
		SolutionGuid = {E264FBA0-0572-4337-B018-57F9F15136D1}
	EndGlobalSection
EndGlobal
